
Microsoft Visual Studio Solution File, Format Version 12.00
# Visual Studio Version 17
VisualStudioVersion = 17.0.31903.59
MinimumVisualStudioVersion = 10.0.40219.1
Project("{2150E333-8FDC-42A3-9474-1A3956D46DE8}") = "src", "src", "{40480213-E98A-4B35-AE12-1BCAA23A4C97}"
EndProject
Project("{2150E333-8FDC-42A3-9474-1A3956D46DE8}") = "test", "test", "{5F743201-7B16-4418-9A36-100B25D5DEBD}"
EndProject
Project("{FAE04EC0-301F-11D3-BF4B-00C04F79EFBC}") = "RecordsDemo", "src\RecordsDemo\RecordsDemo.csproj", "{EBB16068-D642-4FC4-8AD1-16920FAA9BF0}"
EndProject
Project("{FAE04EC0-301F-11D3-BF4B-00C04F79EFBC}") = "RecordsDemo.Test", "test\RecordsDemo.Test\RecordsDemo.Test.csproj", "{ACA29303-5D67-4229-8CE9-3DCCC8983D28}"
EndProject
Project("{FAE04EC0-301F-11D3-BF4B-00C04F79EFBC}") = "ImplicitUsingDemo", "src\ImplicitUsingDemo\ImplicitUsingDemo.csproj", "{AD0F1E51-CB16-4F4E-BE94-60E14C06AED8}"
EndProject
Project("{2150E333-8FDC-42A3-9474-1A3956D46DE8}") = "Solution Items", "Solution Items", "{B00C60D1-90AD-4761-948C-EFA97D60A9FA}"
	ProjectSection(SolutionItems) = preProject
		.editorconfig = .editorconfig
	EndProjectSection
EndProject
Global
	GlobalSection(SolutionConfigurationPlatforms) = preSolution
		Debug|Any CPU = Debug|Any CPU
		Release|Any CPU = Release|Any CPU
	EndGlobalSection
	GlobalSection(ProjectConfigurationPlatforms) = postSolution
		{EBB16068-D642-4FC4-8AD1-16920FAA9BF0}.Debug|Any CPU.ActiveCfg = Debug|Any CPU
		{EBB16068-D642-4FC4-8AD1-16920FAA9BF0}.Debug|Any CPU.Build.0 = Debug|Any CPU
		{EBB16068-D642-4FC4-8AD1-16920FAA9BF0}.Release|Any CPU.ActiveCfg = Release|Any CPU
		{EBB16068-D642-4FC4-8AD1-16920FAA9BF0}.Release|Any CPU.Build.0 = Release|Any CPU
		{ACA29303-5D67-4229-8CE9-3DCCC8983D28}.Debug|Any CPU.ActiveCfg = Debug|Any CPU
		{ACA29303-5D67-4229-8CE9-3DCCC8983D28}.Debug|Any CPU.Build.0 = Debug|Any CPU
		{ACA29303-5D67-4229-8CE9-3DCCC8983D28}.Release|Any CPU.ActiveCfg = Release|Any CPU
		{ACA29303-5D67-4229-8CE9-3DCCC8983D28}.Release|Any CPU.Build.0 = Release|Any CPU
		{AD0F1E51-CB16-4F4E-BE94-60E14C06AED8}.Debug|Any CPU.ActiveCfg = Debug|Any CPU
		{AD0F1E51-CB16-4F4E-BE94-60E14C06AED8}.Debug|Any CPU.Build.0 = Debug|Any CPU
		{AD0F1E51-CB16-4F4E-BE94-60E14C06AED8}.Release|Any CPU.ActiveCfg = Release|Any CPU
		{AD0F1E51-CB16-4F4E-BE94-60E14C06AED8}.Release|Any CPU.Build.0 = Release|Any CPU
	EndGlobalSection
	GlobalSection(SolutionProperties) = preSolution
		HideSolutionNode = FALSE
	EndGlobalSection
	GlobalSection(NestedProjects) = preSolution
		{EBB16068-D642-4FC4-8AD1-16920FAA9BF0} = {40480213-E98A-4B35-AE12-1BCAA23A4C97}
		{ACA29303-5D67-4229-8CE9-3DCCC8983D28} = {5F743201-7B16-4418-9A36-100B25D5DEBD}
		{AD0F1E51-CB16-4F4E-BE94-60E14C06AED8} = {40480213-E98A-4B35-AE12-1BCAA23A4C97}
	EndGlobalSection
	GlobalSection(ExtensibilityGlobals) = postSolution
		SolutionGuid = {9687352B-1540-4A1D-8ADC-97B36D90A249}
	EndGlobalSection
EndGlobal
